
Microsoft Visual Studio Solution File, Format Version 12.00
# Visual Studio Version 16
VisualStudioVersion = 16.0.29418.71
MinimumVisualStudioVersion = 10.0.40219.1
Project("{FAE04EC0-301F-11D3-BF4B-00C04F79EFBC}") = "Day-10a", "Day-10a\Day-10a.csproj", "{BD06DC37-2DD9-447C-B84D-4F8284432122}"
EndProject
Global
	GlobalSection(SolutionConfigurationPlatforms) = preSolution
		Debug|Any CPU = Debug|Any CPU
		Release|Any CPU = Release|Any CPU
	EndGlobalSection
	GlobalSection(ProjectConfigurationPlatforms) = postSolution
		{BD06DC37-2DD9-447C-B84D-4F8284432122}.Debug|Any CPU.ActiveCfg = Debug|Any CPU
		{BD06DC37-2DD9-447C-B84D-4F8284432122}.Debug|Any CPU.Build.0 = Debug|Any CPU
		{BD06DC37-2DD9-447C-B84D-4F8284432122}.Release|Any CPU.ActiveCfg = Release|Any CPU
		{BD06DC37-2DD9-447C-B84D-4F8284432122}.Release|Any CPU.Build.0 = Release|Any CPU
	EndGlobalSection
	GlobalSection(SolutionProperties) = preSolution
		HideSolutionNode = FALSE
	EndGlobalSection
	GlobalSection(ExtensibilityGlobals) = postSolution
		SolutionGuid = {9755AD95-F65D-48A1-8991-B629D5FDD3E4}
	EndGlobalSection
EndGlobal
